{
  "name": "cbtc202304",
  "lockfileVersion": 2,
  "requires": true,
  "packages": {
    "": {
      "workspaces": [
        "src\\packages\\cbtt",
        "src\\packages\\cbtt1"
      ]
    },
    "node_modules/cbtt": {
      "resolved": "src/packages/cbtt",
      "link": true
    },
    "node_modules/cbtt1": {
      "resolved": "src/packages/cbtt1",
      "link": true
    },
    "src/packages/cbtt": {
      "version": "0.1.0",
      "license": "ISC"
    },
    "src/packages/cbtt1": {
      "version": "0.1.0",
      "license": "ISC"
    }
  },
  "dependencies": {
    "cbtt": {
      "version": "file:src/packages/cbtt"
    },
    "cbtt1": {
      "version": "file:src/packages/cbtt1"
    }
  }
}
